
Microsoft Visual Studio Solution File, Format Version 12.00
Project("{FAE04EC0-301F-11D3-BF4B-00C04F79EFBC}") = "System.Domain", "System.Domain\System.Domain.csproj", "{7FC9E141-8186-471C-9EA1-41C0CEEA0884}"
EndProject
Project("{FAE04EC0-301F-11D3-BF4B-00C04F79EFBC}") = "System.Main", "System.Main\System.Main.csproj", "{8ABD0683-8ECB-4700-A2D9-FBD40A3BB8AC}"
EndProject
Project("{FAE04EC0-301F-11D3-BF4B-00C04F79EFBC}") = "System.Infrastructure", "System.Infrastructure\System.Infrastructure.csproj", "{1DEB0696-272D-4BB4-B0CE-999CAFCEE5C1}"
EndProject
Global
	GlobalSection(SolutionConfigurationPlatforms) = preSolution
		Debug|Any CPU = Debug|Any CPU
		Release|Any CPU = Release|Any CPU
	EndGlobalSection
	GlobalSection(ProjectConfigurationPlatforms) = postSolution
		{7FC9E141-8186-471C-9EA1-41C0CEEA0884}.Debug|Any CPU.ActiveCfg = Debug|Any CPU
		{7FC9E141-8186-471C-9EA1-41C0CEEA0884}.Debug|Any CPU.Build.0 = Debug|Any CPU
		{7FC9E141-8186-471C-9EA1-41C0CEEA0884}.Release|Any CPU.ActiveCfg = Release|Any CPU
		{7FC9E141-8186-471C-9EA1-41C0CEEA0884}.Release|Any CPU.Build.0 = Release|Any CPU
		{8ABD0683-8ECB-4700-A2D9-FBD40A3BB8AC}.Debug|Any CPU.ActiveCfg = Debug|Any CPU
		{8ABD0683-8ECB-4700-A2D9-FBD40A3BB8AC}.Debug|Any CPU.Build.0 = Debug|Any CPU
		{8ABD0683-8ECB-4700-A2D9-FBD40A3BB8AC}.Release|Any CPU.ActiveCfg = Release|Any CPU
		{8ABD0683-8ECB-4700-A2D9-FBD40A3BB8AC}.Release|Any CPU.Build.0 = Release|Any CPU
		{1DEB0696-272D-4BB4-B0CE-999CAFCEE5C1}.Debug|Any CPU.ActiveCfg = Debug|Any CPU
		{1DEB0696-272D-4BB4-B0CE-999CAFCEE5C1}.Debug|Any CPU.Build.0 = Debug|Any CPU
		{1DEB0696-272D-4BB4-B0CE-999CAFCEE5C1}.Release|Any CPU.ActiveCfg = Release|Any CPU
		{1DEB0696-272D-4BB4-B0CE-999CAFCEE5C1}.Release|Any CPU.Build.0 = Release|Any CPU
	EndGlobalSection
EndGlobal
